
Microsoft Visual Studio Solution File, Format Version 12.00
# Visual Studio 15
VisualStudioVersion = 15.0.27130.2003
MinimumVisualStudioVersion = 10.0.40219.1
Project("{9A19103F-16F7-4668-BE54-9A1E7A4F7556}") = "Forum.App", "Forum.App\Forum.App.csproj", "{D8A991F6-0477-475F-A179-DA9DB3A9430E}"
EndProject
Project("{9A19103F-16F7-4668-BE54-9A1E7A4F7556}") = "Forum.Models", "Forum.Models\Forum.Models.csproj", "{DD61B7E8-217A-4D86-B896-44F44B4B7F18}"
EndProject
Project("{9A19103F-16F7-4668-BE54-9A1E7A4F7556}") = "Forum.Data", "Forum.Data\Forum.Data.csproj", "{AF22C5FC-0584-45C2-84F2-C934C2CF4AD9}"
EndProject
Global
	GlobalSection(SolutionConfigurationPlatforms) = preSolution
		Debug|Any CPU = Debug|Any CPU
		Release|Any CPU = Release|Any CPU
	EndGlobalSection
	GlobalSection(ProjectConfigurationPlatforms) = postSolution
		{D8A991F6-0477-475F-A179-DA9DB3A9430E}.Debug|Any CPU.ActiveCfg = Debug|Any CPU
		{D8A991F6-0477-475F-A179-DA9DB3A9430E}.Debug|Any CPU.Build.0 = Debug|Any CPU
		{D8A991F6-0477-475F-A179-DA9DB3A9430E}.Release|Any CPU.ActiveCfg = Release|Any CPU
		{D8A991F6-0477-475F-A179-DA9DB3A9430E}.Release|Any CPU.Build.0 = Release|Any CPU
		{DD61B7E8-217A-4D86-B896-44F44B4B7F18}.Debug|Any CPU.ActiveCfg = Debug|Any CPU
		{DD61B7E8-217A-4D86-B896-44F44B4B7F18}.Debug|Any CPU.Build.0 = Debug|Any CPU
		{DD61B7E8-217A-4D86-B896-44F44B4B7F18}.Release|Any CPU.ActiveCfg = Release|Any CPU
		{DD61B7E8-217A-4D86-B896-44F44B4B7F18}.Release|Any CPU.Build.0 = Release|Any CPU
		{AF22C5FC-0584-45C2-84F2-C934C2CF4AD9}.Debug|Any CPU.ActiveCfg = Debug|Any CPU
		{AF22C5FC-0584-45C2-84F2-C934C2CF4AD9}.Debug|Any CPU.Build.0 = Debug|Any CPU
		{AF22C5FC-0584-45C2-84F2-C934C2CF4AD9}.Release|Any CPU.ActiveCfg = Release|Any CPU
		{AF22C5FC-0584-45C2-84F2-C934C2CF4AD9}.Release|Any CPU.Build.0 = Release|Any CPU
	EndGlobalSection
	GlobalSection(SolutionProperties) = preSolution
		HideSolutionNode = FALSE
	EndGlobalSection
	GlobalSection(ExtensibilityGlobals) = postSolution
		SolutionGuid = {82D9926F-236A-4B87-9F28-69BDD5B02FC5}
	EndGlobalSection
EndGlobal
